Microsoft Visual Studio Solution File, Format Version 11.00
# Visual Studio 2008

Project("{C1CE5A0B-FD1D-A0C0-C499-975A5F2E1AC3}") = "VizTest2", "Assembly-CSharp-firstpass.csproj", "{CB3D998F-37AE-8207-C4D6-DF3BEABEB1FB}"
EndProject
Project("{C1CE5A0B-FD1D-A0C0-C499-975A5F2E1AC3}") = "VizTest2", "Assembly-CSharp.csproj", "{60201218-3FB2-475B-E814-FEECD7CEE4F7}"
EndProject
Project("{C1CE5A0B-FD1D-A0C0-C499-975A5F2E1AC3}") = "VizTest2", "Assembly-UnityScript-firstpass.unityproj", "{B76246D6-73E9-F901-3EAC-1E3EEA1CAE07}"
EndProject
Project("{C1CE5A0B-FD1D-A0C0-C499-975A5F2E1AC3}") = "VizTest2", "Assembly-UnityScript.unityproj", "{5DD4471B-C361-CC94-790D-346058076D7A}"
EndProject
Global
	GlobalSection(SolutionConfigurationPlatforms) = preSolution
		Debug|Any CPU = Debug|Any CPU
		Release|Any CPU = Release|Any CPU
	EndGlobalSection
	GlobalSection(ProjectConfigurationPlatforms) = postSolution
		{CB3D998F-37AE-8207-C4D6-DF3BEABEB1FB}.Debug|Any CPU.ActiveCfg = Debug|Any CPU
		{CB3D998F-37AE-8207-C4D6-DF3BEABEB1FB}.Debug|Any CPU.Build.0 = Debug|Any CPU
		{CB3D998F-37AE-8207-C4D6-DF3BEABEB1FB}.Release|Any CPU.ActiveCfg = Release|Any CPU
		{CB3D998F-37AE-8207-C4D6-DF3BEABEB1FB}.Release|Any CPU.Build.0 = Release|Any CPU
		{60201218-3FB2-475B-E814-FEECD7CEE4F7}.Debug|Any CPU.ActiveCfg = Debug|Any CPU
		{60201218-3FB2-475B-E814-FEECD7CEE4F7}.Debug|Any CPU.Build.0 = Debug|Any CPU
		{60201218-3FB2-475B-E814-FEECD7CEE4F7}.Release|Any CPU.ActiveCfg = Release|Any CPU
		{60201218-3FB2-475B-E814-FEECD7CEE4F7}.Release|Any CPU.Build.0 = Release|Any CPU
		{B76246D6-73E9-F901-3EAC-1E3EEA1CAE07}.Debug|Any CPU.ActiveCfg = Debug|Any CPU
		{B76246D6-73E9-F901-3EAC-1E3EEA1CAE07}.Debug|Any CPU.Build.0 = Debug|Any CPU
		{B76246D6-73E9-F901-3EAC-1E3EEA1CAE07}.Release|Any CPU.ActiveCfg = Release|Any CPU
		{B76246D6-73E9-F901-3EAC-1E3EEA1CAE07}.Release|Any CPU.Build.0 = Release|Any CPU
		{5DD4471B-C361-CC94-790D-346058076D7A}.Debug|Any CPU.ActiveCfg = Debug|Any CPU
		{5DD4471B-C361-CC94-790D-346058076D7A}.Debug|Any CPU.Build.0 = Debug|Any CPU
		{5DD4471B-C361-CC94-790D-346058076D7A}.Release|Any CPU.ActiveCfg = Release|Any CPU
		{5DD4471B-C361-CC94-790D-346058076D7A}.Release|Any CPU.Build.0 = Release|Any CPU
	EndGlobalSection
	GlobalSection(SolutionProperties) = preSolution
		HideSolutionNode = FALSE
	EndGlobalSection
						GlobalSection(MonoDevelopProperties) = preSolution
		StartupItem = Assembly-CSharp.csproj
		Policies = $0
		$0.TextStylePolicy = $1
		$1.inheritsSet = null
		$1.scope = text/x-csharp
		$0.CSharpFormattingPolicy = $2
		$2.inheritsSet = Mono
		$2.inheritsScope = text/x-csharp
		$2.scope = text/x-csharp
		$0.TextStylePolicy = $3
		$3.FileWidth = 120
		$3.TabWidth = 4
		$3.EolMarker = Unix
		$3.inheritsSet = Mono
		$3.inheritsScope = text/plain
		$3.scope = text/plain
	EndGlobalSection

EndGlobal
